// !$*UTF8*$!
{
	archiveVersion = 1;
	classes = {
	};
	objectVersion = 56;
	objects = {

/* Begin PBXBuildFile section */
		4365DA4C29FBDCFB00E8C87C /* AppDelegate.swift in Sources */ = {isa = PBXBuildFile; fileRef = 4365DA4B29FBDCFB00E8C87C /* AppDelegate.swift */; };
		4365DA4E29FBDCFB00E8C87C /* SceneDelegate.swift in Sources */ = {isa = PBXBuildFile; fileRef = 4365DA4D29FBDCFB00E8C87C /* SceneDelegate.swift */; };
		4365DA5029FBDCFB00E8C87C /* MainContainer.swift in Sources */ = {isa = PBXBuildFile; fileRef = 4365DA4F29FBDCFB00E8C87C /* MainContainer.swift */; };
		4365DA5529FBDCFD00E8C87C /* Assets.xcassets in Resources */ = {isa = PBXBuildFile; fileRef = 4365DA5429FBDCFD00E8C87C /* Assets.xcassets */; };
		4365DA5829FBDCFD00E8C87C /* LaunchScreen.storyboard in Resources */ = {isa = PBXBuildFile; fileRef = 4365DA5629FBDCFD00E8C87C /* LaunchScreen.storyboard */; };
		4365DA6329FBDCFD00E8C87C /* AvitoTech_IntershipTests.swift in Sources */ = {isa = PBXBuildFile; fileRef = 4365DA6229FBDCFD00E8C87C /* AvitoTech_IntershipTests.swift */; };
		4365DA6D29FBDCFD00E8C87C /* AvitoTech_IntershipUITests.swift in Sources */ = {isa = PBXBuildFile; fileRef = 4365DA6C29FBDCFD00E8C87C /* AvitoTech_IntershipUITests.swift */; };
		4365DA6F29FBDCFD00E8C87C /* AvitoTech_IntershipUITestsLaunchTests.swift in Sources */ = {isa = PBXBuildFile; fileRef = 4365DA6E29FBDCFD00E8C87C /* AvitoTech_IntershipUITestsLaunchTests.swift */; };
		4365DA7D29FBE48700E8C87C /* MainContainerViewModel.swift in Sources */ = {isa = PBXBuildFile; fileRef = 4365DA7C29FBE48700E8C87C /* MainContainerViewModel.swift */; };
		4365DA8129FBE63C00E8C87C /* SuggestionCelVM.swift in Sources */ = {isa = PBXBuildFile; fileRef = 4365DA8029FBE63C00E8C87C /* SuggestionCelVM.swift */; };
/* End PBXBuildFile section */

/* Begin PBXContainerItemProxy section */
		4365DA5F29FBDCFD00E8C87C /* PBXContainerItemProxy */ = {
			isa = PBXContainerItemProxy;
			containerPortal = 4365DA4029FBDCFB00E8C87C /* Project object */;
			proxyType = 1;
			remoteGlobalIDString = 4365DA4729FBDCFB00E8C87C;
			remoteInfo = "AvitoTech Intership";
		};
		4365DA6929FBDCFD00E8C87C /* PBXContainerItemProxy */ = {
			isa = PBXContainerItemProxy;
			containerPortal = 4365DA4029FBDCFB00E8C87C /* Project object */;
			proxyType = 1;
			remoteGlobalIDString = 4365DA4729FBDCFB00E8C87C;
			remoteInfo = "AvitoTech Intership";
		};
/* End PBXContainerItemProxy section */

/* Begin PBXFileReference section */
		4365DA4829FBDCFB00E8C87C /* AvitoTech Intership.app */ = {isa = PBXFileReference; explicitFileType = wrapper.application; includeInIndex = 0; path = "AvitoTech Intership.app"; sourceTree = BUILT_PRODUCTS_DIR; };
		4365DA4B29FBDCFB00E8C87C /* AppDelegate.swift */ = {isa = PBXFileReference; lastKnownFileType = sourcecode.swift; path = AppDelegate.swift; sourceTree = "<group>"; };
		4365DA4D29FBDCFB00E8C87C /* SceneDelegate.swift */ = {isa = PBXFileReference; lastKnownFileType = sourcecode.swift; path = SceneDelegate.swift; sourceTree = "<group>"; };
		4365DA4F29FBDCFB00E8C87C /* MainContainer.swift */ = {isa = PBXFileReference; lastKnownFileType = sourcecode.swift; path = MainContainer.swift; sourceTree = "<group>"; };
		4365DA5429FBDCFD00E8C87C /* Assets.xcassets */ = {isa = PBXFileReference; lastKnownFileType = folder.assetcatalog; path = Assets.xcassets; sourceTree = "<group>"; };
		4365DA5729FBDCFD00E8C87C /* Base */ = {isa = PBXFileReference; lastKnownFileType = file.storyboard; name = Base; path = Base.lproj/LaunchScreen.storyboard; sourceTree = "<group>"; };
		4365DA5929FBDCFD00E8C87C /* Info.plist */ = {isa = PBXFileReference; lastKnownFileType = text.plist.xml; path = Info.plist; sourceTree = "<group>"; };
		4365DA5E29FBDCFD00E8C87C /* AvitoTech IntershipTests.xctest */ = {isa = PBXFileReference; explicitFileType = wrapper.cfbundle; includeInIndex = 0; path = "AvitoTech IntershipTests.xctest"; sourceTree = BUILT_PRODUCTS_DIR; };
		4365DA6229FBDCFD00E8C87C /* AvitoTech_IntershipTests.swift */ = {isa = PBXFileReference; lastKnownFileType = sourcecode.swift; path = AvitoTech_IntershipTests.swift; sourceTree = "<group>"; };
		4365DA6829FBDCFD00E8C87C /* AvitoTech IntershipUITests.xctest */ = {isa = PBXFileReference; explicitFileType = wrapper.cfbundle; includeInIndex = 0; path = "AvitoTech IntershipUITests.xctest"; sourceTree = BUILT_PRODUCTS_DIR; };
		4365DA6C29FBDCFD00E8C87C /* AvitoTech_IntershipUITests.swift */ = {isa = PBXFileReference; lastKnownFileType = sourcecode.swift; path = AvitoTech_IntershipUITests.swift; sourceTree = "<group>"; };
		4365DA6E29FBDCFD00E8C87C /* AvitoTech_IntershipUITestsLaunchTests.swift */ = {isa = PBXFileReference; lastKnownFileType = sourcecode.swift; path = AvitoTech_IntershipUITestsLaunchTests.swift; sourceTree = "<group>"; };
		4365DA7B29FBDE1D00E8C87C /* .gitignore.md */ = {isa = PBXFileReference; lastKnownFileType = net.daringfireball.markdown; path = .gitignore.md; sourceTree = "<group>"; };
		4365DA7C29FBE48700E8C87C /* MainContainerViewModel.swift */ = {isa = PBXFileReference; lastKnownFileType = sourcecode.swift; path = MainContainerViewModel.swift; sourceTree = "<group>"; };
		4365DA8029FBE63C00E8C87C /* SuggestionCelVM.swift */ = {isa = PBXFileReference; lastKnownFileType = sourcecode.swift; path = SuggestionCelVM.swift; sourceTree = "<group>"; };
/* End PBXFileReference section */

/* Begin PBXFrameworksBuildPhase section */
		4365DA4529FBDCFB00E8C87C /* Frameworks */ = {
			isa = PBXFrameworksBuildPhase;
			buildActionMask = 2147483647;
			files = (
			);
			runOnlyForDeploymentPostprocessing = 0;
		};
		4365DA5B29FBDCFD00E8C87C /* Frameworks */ = {
			isa = PBXFrameworksBuildPhase;
			buildActionMask = 2147483647;
			files = (
			);
			runOnlyForDeploymentPostprocessing = 0;
		};
		4365DA6529FBDCFD00E8C87C /* Frameworks */ = {
			isa = PBXFrameworksBuildPhase;
			buildActionMask = 2147483647;
			files = (
			);
			runOnlyForDeploymentPostprocessing = 0;
		};
/* End PBXFrameworksBuildPhase section */

/* Begin PBXGroup section */
		4365DA3F29FBDCFB00E8C87C = {
			isa = PBXGroup;
			children = (
				4365DA4A29FBDCFB00E8C87C /* AvitoTech Intership */,
				43B6343D2A0907D1005B4FBC /* View */,
				43B6343E2A0907E9005B4FBC /* Tests */,
				43B6343C2A090795005B4FBC /* Supported */,
				4365DA4929FBDCFB00E8C87C /* Products */,
			);
			sourceTree = "<group>";
		};
		4365DA4929FBDCFB00E8C87C /* Products */ = {
			isa = PBXGroup;
			children = (
				4365DA4829FBDCFB00E8C87C /* AvitoTech Intership.app */,
				4365DA5E29FBDCFD00E8C87C /* AvitoTech IntershipTests.xctest */,
				4365DA6829FBDCFD00E8C87C /* AvitoTech IntershipUITests.xctest */,
			);
			name = Products;
			sourceTree = "<group>";
		};
		4365DA4A29FBDCFB00E8C87C /* AvitoTech Intership */ = {
			isa = PBXGroup;
			children = (
				4365DA8329FBE64B00E8C87C /* Controller */,
				4365DA8229FBE64400E8C87C /* ViewModel */,
			);
			path = "AvitoTech Intership";
			sourceTree = "<group>";
		};
		4365DA6129FBDCFD00E8C87C /* AvitoTech IntershipTests */ = {
			isa = PBXGroup;
			children = (
				4365DA6229FBDCFD00E8C87C /* AvitoTech_IntershipTests.swift */,
			);
			path = "AvitoTech IntershipTests";
			sourceTree = "<group>";
		};
		4365DA6B29FBDCFD00E8C87C /* AvitoTech IntershipUITests */ = {
			isa = PBXGroup;
			children = (
				4365DA6C29FBDCFD00E8C87C /* AvitoTech_IntershipUITests.swift */,
				4365DA6E29FBDCFD00E8C87C /* AvitoTech_IntershipUITestsLaunchTests.swift */,
			);
			name = "AvitoTech IntershipUITests";
			sourceTree = "<group>";
		};
		4365DA8229FBE64400E8C87C /* ViewModel */ = {
			isa = PBXGroup;
			children = (
				4365DA7C29FBE48700E8C87C /* MainContainerViewModel.swift */,
				4365DA8029FBE63C00E8C87C /* SuggestionCelVM.swift */,
			);
			path = ViewModel;
			sourceTree = "<group>";
		};
		4365DA8329FBE64B00E8C87C /* Controller */ = {
			isa = PBXGroup;
			children = (
				4365DA4F29FBDCFB00E8C87C /* MainContainer.swift */,
			);
			path = Controller;
			sourceTree = "<group>";
		};
		43B6343C2A090795005B4FBC /* Supported */ = {
			isa = PBXGroup;
			children = (
				4365DA7B29FBDE1D00E8C87C /* .gitignore.md */,
				4365DA5429FBDCFD00E8C87C /* Assets.xcassets */,
				4365DA5929FBDCFD00E8C87C /* Info.plist */,
				4365DA4B29FBDCFB00E8C87C /* AppDelegate.swift */,
				4365DA4D29FBDCFB00E8C87C /* SceneDelegate.swift */,
			);
			path = Supported;
			sourceTree = "<group>";
		};
		43B6343D2A0907D1005B4FBC /* View */ = {
			isa = PBXGroup;
			children = (
				4365DA5629FBDCFD00E8C87C /* LaunchScreen.storyboard */,
			);
			path = View;
			sourceTree = "<group>";
		};
		43B6343E2A0907E9005B4FBC /* Tests */ = {
			isa = PBXGroup;
			children = (
				4365DA6B29FBDCFD00E8C87C /* AvitoTech IntershipUITests */,
				4365DA6129FBDCFD00E8C87C /* AvitoTech IntershipTests */,
			);
			name = Tests;
			path = "AvitoTech IntershipUITests";
			sourceTree = "<group>";
		};
/* End PBXGroup section */

/* Begin PBXNativeTarget section */
		4365DA4729FBDCFB00E8C87C /* AvitoTech Intership */ = {
			isa = PBXNativeTarget;
			buildConfigurationList = 4365DA7229FBDCFD00E8C87C /* Build configuration list for PBXNativeTarget "AvitoTech Intership" */;
			buildPhases = (
				4365DA4429FBDCFB00E8C87C /* Sources */,
				4365DA4529FBDCFB00E8C87C /* Frameworks */,
				4365DA4629FBDCFB00E8C87C /* Resources */,
			);
			buildRules = (
			);
			dependencies = (
			);
			name = "AvitoTech Intership";
			productName = "AvitoTech Intership";
			productReference = 4365DA4829FBDCFB00E8C87C /* AvitoTech Intership.app */;
			productType = "com.apple.product-type.application";
		};
		4365DA5D29FBDCFD00E8C87C /* AvitoTech IntershipTests */ = {
			isa = PBXNativeTarget;
			buildConfigurationList = 4365DA7529FBDCFD00E8C87C /* Build configuration list for PBXNativeTarget "AvitoTech IntershipTests" */;
			buildPhases = (
				4365DA5A29FBDCFD00E8C87C /* Sources */,
				4365DA5B29FBDCFD00E8C87C /* Frameworks */,
				4365DA5C29FBDCFD00E8C87C /* Resources */,
			);
			buildRules = (
			);
			dependencies = (
				4365DA6029FBDCFD00E8C87C /* PBXTargetDependency */,
			);
			name = "AvitoTech IntershipTests";
			productName = "AvitoTech IntershipTests";
			productReference = 4365DA5E29FBDCFD00E8C87C /* AvitoTech IntershipTests.xctest */;
			productType = "com.apple.product-type.bundle.unit-test";
		};
		4365DA6729FBDCFD00E8C87C /* AvitoTech IntershipUITests */ = {
			isa = PBXNativeTarget;
			buildConfigurationList = 4365DA7829FBDCFD00E8C87C /* Build configuration list for PBXNativeTarget "AvitoTech IntershipUITests" */;
			buildPhases = (
				4365DA6429FBDCFD00E8C87C /* Sources */,
				4365DA6529FBDCFD00E8C87C /* Frameworks */,
				4365DA6629FBDCFD00E8C87C /* Resources */,
			);
			buildRules = (
			);
			dependencies = (
				4365DA6A29FBDCFD00E8C87C /* PBXTargetDependency */,
			);
			name = "AvitoTech IntershipUITests";
			productName = "AvitoTech IntershipUITests";
			productReference = 4365DA6829FBDCFD00E8C87C /* AvitoTech IntershipUITests.xctest */;
			productType = "com.apple.product-type.bundle.ui-testing";
		};
/* End PBXNativeTarget section */

/* Begin PBXProject section */
		4365DA4029FBDCFB00E8C87C /* Project object */ = {
			isa = PBXProject;
			attributes = {
				BuildIndependentTargetsInParallel = 1;
				LastSwiftUpdateCheck = 1420;
				LastUpgradeCheck = 1420;
				TargetAttributes = {
					4365DA4729FBDCFB00E8C87C = {
						CreatedOnToolsVersion = 14.2;
					};
					4365DA5D29FBDCFD00E8C87C = {
						CreatedOnToolsVersion = 14.2;
						TestTargetID = 4365DA4729FBDCFB00E8C87C;
					};
					4365DA6729FBDCFD00E8C87C = {
						CreatedOnToolsVersion = 14.2;
						TestTargetID = 4365DA4729FBDCFB00E8C87C;
					};
				};
			};
			buildConfigurationList = 4365DA4329FBDCFB00E8C87C /* Build configuration list for PBXProject "AvitoTech Intership" */;
			compatibilityVersion = "Xcode 14.0";
			developmentRegion = en;
			hasScannedForEncodings = 0;
			knownRegions = (
				en,
				Base,
			);
			mainGroup = 4365DA3F29FBDCFB00E8C87C;
			productRefGroup = 4365DA4929FBDCFB00E8C87C /* Products */;
			projectDirPath = "";
			projectRoot = "";
			targets = (
				4365DA4729FBDCFB00E8C87C /* AvitoTech Intership */,
				4365DA5D29FBDCFD00E8C87C /* AvitoTech IntershipTests */,
				4365DA6729FBDCFD00E8C87C /* AvitoTech IntershipUITests */,
			);
		};
/* End PBXProject section */

/* Begin PBXResourcesBuildPhase section */
		4365DA4629FBDCFB00E8C87C /* Resources */ = {
			isa = PBXResourcesBuildPhase;
			buildActionMask = 2147483647;
			files = (
				4365DA5829FBDCFD00E8C87C /* LaunchScreen.storyboard in Resources */,
				4365DA5529FBDCFD00E8C87C /* Assets.xcassets in Resources */,
			);
			runOnlyForDeploymentPostprocessing = 0;
		};
		4365DA5C29FBDCFD00E8C87C /* Resources */ = {
			isa = PBXResourcesBuildPhase;
			buildActionMask = 2147483647;
			files = (
			);
			runOnlyForDeploymentPostprocessing = 0;
		};
		4365DA6629FBDCFD00E8C87C /* Resources */ = {
			isa = PBXResourcesBuildPhase;
			buildActionMask = 2147483647;
			files = (
			);
			runOnlyForDeploymentPostprocessing = 0;
		};
/* End PBXResourcesBuildPhase section */

/* Begin PBXSourcesBuildPhase section */
		4365DA4429FBDCFB00E8C87C /* Sources */ = {
			isa = PBXSourcesBuildPhase;
			buildActionMask = 2147483647;
			files = (
				4365DA5029FBDCFB00E8C87C /* MainContainer.swift in Sources */,
				4365DA8129FBE63C00E8C87C /* SuggestionCelVM.swift in Sources */,
				4365DA4C29FBDCFB00E8C87C /* AppDelegate.swift in Sources */,
				4365DA4E29FBDCFB00E8C87C /* SceneDelegate.swift in Sources */,
				4365DA7D29FBE48700E8C87C /* MainContainerViewModel.swift in Sources */,
			);
			runOnlyForDeploymentPostprocessing = 0;
		};
		4365DA5A29FBDCFD00E8C87C /* Sources */ = {
			isa = PBXSourcesBuildPhase;
			buildActionMask = 2147483647;
			files = (
				4365DA6329FBDCFD00E8C87C /* AvitoTech_IntershipTests.swift in Sources */,
			);
			runOnlyForDeploymentPostprocessing = 0;
		};
		4365DA6429FBDCFD00E8C87C /* Sources */ = {
			isa = PBXSourcesBuildPhase;
			buildActionMask = 2147483647;
			files = (
				4365DA6D29FBDCFD00E8C87C /* AvitoTech_IntershipUITests.swift in Sources */,
				4365DA6F29FBDCFD00E8C87C /* AvitoTech_IntershipUITestsLaunchTests.swift in Sources */,
			);
			runOnlyForDeploymentPostprocessing = 0;
		};
/* End PBXSourcesBuildPhase section */

/* Begin PBXTargetDependency section */
		4365DA6029FBDCFD00E8C87C /* PBXTargetDependency */ = {
			isa = PBXTargetDependency;
			target = 4365DA4729FBDCFB00E8C87C /* AvitoTech Intership */;
			targetProxy = 4365DA5F29FBDCFD00E8C87C /* PBXContainerItemProxy */;
		};
		4365DA6A29FBDCFD00E8C87C /* PBXTargetDependency */ = {
			isa = PBXTargetDependency;
			target = 4365DA4729FBDCFB00E8C87C /* AvitoTech Intership */;
			targetProxy = 4365DA6929FBDCFD00E8C87C /* PBXContainerItemProxy */;
		};
/* End PBXTargetDependency section */

/* Begin PBXVariantGroup section */
		4365DA5629FBDCFD00E8C87C /* LaunchScreen.storyboard */ = {
			isa = PBXVariantGroup;
			children = (
				4365DA5729FBDCFD00E8C87C /* Base */,
			);
			name = LaunchScreen.storyboard;
			sourceTree = "<group>";
		};
/* End PBXVariantGroup section */

/* Begin XCBuildConfiguration section */
		4365DA7029FBDCFD00E8C87C /* Debug */ = {
			isa = XCBuildConfiguration;
			buildSettings = {
				ALWAYS_SEARCH_USER_PATHS = NO;
				CLANG_ANALYZER_NONNULL = YES;
				CLANG_ANALYZER_NUMBER_OBJECT_CONVERSION = YES_AGGRESSIVE;
				CLANG_CXX_LANGUAGE_STANDARD = "gnu++20";
				CLANG_ENABLE_MODULES = YES;
				CLANG_ENABLE_OBJC_ARC = YES;
				CLANG_ENABLE_OBJC_WEAK = YES;
				CLANG_WARN_BLOCK_CAPTURE_AUTORELEASING = YES;
				CLANG_WARN_BOOL_CONVERSION = YES;
				CLANG_WARN_COMMA = YES;
				CLANG_WARN_CONSTANT_CONVERSION = YES;
				CLANG_WARN_DEPRECATED_OBJC_IMPLEMENTATIONS = YES;
				CLANG_WARN_DIRECT_OBJC_ISA_USAGE = YES_ERROR;
				CLANG_WARN_DOCUMENTATION_COMMENTS = YES;
				CLANG_WARN_EMPTY_BODY = YES;
				CLANG_WARN_ENUM_CONVERSION = YES;
				CLANG_WARN_INFINITE_RECURSION = YES;
				CLANG_WARN_INT_CONVERSION = YES;
				CLANG_WARN_NON_LITERAL_NULL_CONVERSION = YES;
				CLANG_WARN_OBJC_IMPLICIT_RETAIN_SELF = YES;
				CLANG_WARN_OBJC_LITERAL_CONVERSION = YES;
				CLANG_WARN_OBJC_ROOT_CLASS = YES_ERROR;
				CLANG_WARN_QUOTED_INCLUDE_IN_FRAMEWORK_HEADER = YES;
				CLANG_WARN_RANGE_LOOP_ANALYSIS = YES;
				CLANG_WARN_STRICT_PROTOTYPES = YES;
				CLANG_WARN_SUSPICIOUS_MOVE = YES;
				CLANG_WARN_UNGUARDED_AVAILABILITY = YES_AGGRESSIVE;
				CLANG_WARN_UNREACHABLE_CODE = YES;
				CLANG_WARN__DUPLICATE_METHOD_MATCH = YES;
				COPY_PHASE_STRIP = NO;
				DEBUG_INFORMATION_FORMAT = dwarf;
				ENABLE_STRICT_OBJC_MSGSEND = YES;
				ENABLE_TESTABILITY = YES;
				GCC_C_LANGUAGE_STANDARD = gnu11;
				GCC_DYNAMIC_NO_PIC = NO;
				GCC_NO_COMMON_BLOCKS = YES;
				GCC_OPTIMIZATION_LEVEL = 0;
				GCC_PREPROCESSOR_DEFINITIONS = (
					"DEBUG=1",
					"$(inherited)",
				);
				GCC_WARN_64_TO_32_BIT_CONVERSION = YES;
				GCC_WARN_ABOUT_RETURN_TYPE = YES_ERROR;
				GCC_WARN_UNDECLARED_SELECTOR = YES;
				GCC_WARN_UNINITIALIZED_AUTOS = YES_AGGRESSIVE;
				GCC_WARN_UNUSED_FUNCTION = YES;
				GCC_WARN_UNUSED_VARIABLE = YES;
				IPHONEOS_DEPLOYMENT_TARGET = 16.2;
				MTL_ENABLE_DEBUG_INFO = INCLUDE_SOURCE;
				MTL_FAST_MATH = YES;
				ONLY_ACTIVE_ARCH = YES;
				SDKROOT = iphoneos;
				SWIFT_ACTIVE_COMPILATION_CONDITIONS = DEBUG;
				SWIFT_OPTIMIZATION_LEVEL = "-Onone";
			};
			name = Debug;
		};
		4365DA7129FBDCFD00E8C87C /* Release */ = {
			isa = XCBuildConfiguration;
			buildSettings = {
				ALWAYS_SEARCH_USER_PATHS = NO;
				CLANG_ANALYZER_NONNULL = YES;
				CLANG_ANALYZER_NUMBER_OBJECT_CONVERSION = YES_AGGRESSIVE;
				CLANG_CXX_LANGUAGE_STANDARD = "gnu++20";
				CLANG_ENABLE_MODULES = YES;
				CLANG_ENABLE_OBJC_ARC = YES;
				CLANG_ENABLE_OBJC_WEAK = YES;
				CLANG_WARN_BLOCK_CAPTURE_AUTORELEASING = YES;
				CLANG_WARN_BOOL_CONVERSION = YES;
				CLANG_WARN_COMMA = YES;
				CLANG_WARN_CONSTANT_CONVERSION = YES;
				CLANG_WARN_DEPRECATED_OBJC_IMPLEMENTATIONS = YES;
				CLANG_WARN_DIRECT_OBJC_ISA_USAGE = YES_ERROR;
				CLANG_WARN_DOCUMENTATION_COMMENTS = YES;
				CLANG_WARN_EMPTY_BODY = YES;
				CLANG_WARN_ENUM_CONVERSION = YES;
				CLANG_WARN_INFINITE_RECURSION = YES;
				CLANG_WARN_INT_CONVERSION = YES;
				CLANG_WARN_NON_LITERAL_NULL_CONVERSION = YES;
				CLANG_WARN_OBJC_IMPLICIT_RETAIN_SELF = YES;
				CLANG_WARN_OBJC_LITERAL_CONVERSION = YES;
				CLANG_WARN_OBJC_ROOT_CLASS = YES_ERROR;
				CLANG_WARN_QUOTED_INCLUDE_IN_FRAMEWORK_HEADER = YES;
				CLANG_WARN_RANGE_LOOP_ANALYSIS = YES;
				CLANG_WARN_STRICT_PROTOTYPES = YES;
				CLANG_WARN_SUSPICIOUS_MOVE = YES;
				CLANG_WARN_UNGUARDED_AVAILABILITY = YES_AGGRESSIVE;
				CLANG_WARN_UNREACHABLE_CODE = YES;
				CLANG_WARN__DUPLICATE_METHOD_MATCH = YES;
				COPY_PHASE_STRIP = NO;
				DEBUG_INFORMATION_FORMAT = "dwarf-with-dsym";
				ENABLE_NS_ASSERTIONS = NO;
				ENABLE_STRICT_OBJC_MSGSEND = YES;
				GCC_C_LANGUAGE_STANDARD = gnu11;
				GCC_NO_COMMON_BLOCKS = YES;
				GCC_WARN_64_TO_32_BIT_CONVERSION = YES;
				GCC_WARN_ABOUT_RETURN_TYPE = YES_ERROR;
				GCC_WARN_UNDECLARED_SELECTOR = YES;
				GCC_WARN_UNINITIALIZED_AUTOS = YES_AGGRESSIVE;
				GCC_WARN_UNUSED_FUNCTION = YES;
				GCC_WARN_UNUSED_VARIABLE = YES;
				IPHONEOS_DEPLOYMENT_TARGET = 16.2;
				MTL_ENABLE_DEBUG_INFO = NO;
				MTL_FAST_MATH = YES;
				SDKROOT = iphoneos;
				SWIFT_COMPILATION_MODE = wholemodule;
				SWIFT_OPTIMIZATION_LEVEL = "-O";
				VALIDATE_PRODUCT = YES;
			};
			name = Release;
		};
		4365DA7329FBDCFD00E8C87C /* Debug */ = {
			isa = XCBuildConfiguration;
			buildSettings = {
				ASSETCATALOG_COMPILER_APPICON_NAME = AppIcon;
				ASSETCATALOG_COMPILER_GLOBAL_ACCENT_COLOR_NAME = AccentColor;
				CODE_SIGN_STYLE = Automatic;
				CURRENT_PROJECT_VERSION = 1;
				DEVELOPMENT_TEAM = 5K6Q3VCR94;
				GENERATE_INFOPLIST_FILE = YES;
				INFOPLIST_FILE = "AvitoTech Intership/Info.plist";
				INFOPLIST_KEY_UIApplicationSupportsIndirectInputEvents = YES;
				INFOPLIST_KEY_UILaunchStoryboardName = LaunchScreen;
				INFOPLIST_KEY_UIMainStoryboardFile = Main;
				INFOPLIST_KEY_UISupportedInterfaceOrientations_iPad = "UIInterfaceOrientationPortrait UIInterfaceOrientationPortraitUpsideDown UIInterfaceOrientationLandscapeLeft UIInterfaceOrientationLandscapeRight";
				INFOPLIST_KEY_UISupportedInterfaceOrientations_iPhone = "UIInterfaceOrientationPortrait UIInterfaceOrientationLandscapeLeft UIInterfaceOrientationLandscapeRight";
				LD_RUNPATH_SEARCH_PATHS = (
					"$(inherited)",
					"@executable_path/Frameworks",
				);
				MARKETING_VERSION = 1.0;
				PRODUCT_BUNDLE_IDENTIFIER = "Frinantelin.com.AvitoTech-Intership";
				PRODUCT_NAME = "$(TARGET_NAME)";
				SWIFT_EMIT_LOC_STRINGS = YES;
				SWIFT_VERSION = 5.0;
				TARGETED_DEVICE_FAMILY = "1,2";
			};
			name = Debug;
		};
		4365DA7429FBDCFD00E8C87C /* Release */ = {
			isa = XCBuildConfiguration;
			buildSettings = {
				ASSETCATALOG_COMPILER_APPICON_NAME = AppIcon;
				ASSETCATALOG_COMPILER_GLOBAL_ACCENT_COLOR_NAME = AccentColor;
				CODE_SIGN_STYLE = Automatic;
				CURRENT_PROJECT_VERSION = 1;
				DEVELOPMENT_TEAM = 5K6Q3VCR94;
				GENERATE_INFOPLIST_FILE = YES;
				INFOPLIST_FILE = "AvitoTech Intership/Info.plist";
				INFOPLIST_KEY_UIApplicationSupportsIndirectInputEvents = YES;
				INFOPLIST_KEY_UILaunchStoryboardName = LaunchScreen;
				INFOPLIST_KEY_UIMainStoryboardFile = Main;
				INFOPLIST_KEY_UISupportedInterfaceOrientations_iPad = "UIInterfaceOrientationPortrait UIInterfaceOrientationPortraitUpsideDown UIInterfaceOrientationLandscapeLeft UIInterfaceOrientationLandscapeRight";
				INFOPLIST_KEY_UISupportedInterfaceOrientations_iPhone = "UIInterfaceOrientationPortrait UIInterfaceOrientationLandscapeLeft UIInterfaceOrientationLandscapeRight";
				LD_RUNPATH_SEARCH_PATHS = (
					"$(inherited)",
					"@executable_path/Frameworks",
				);
				MARKETING_VERSION = 1.0;
				PRODUCT_BUNDLE_IDENTIFIER = "Frinantelin.com.AvitoTech-Intership";
				PRODUCT_NAME = "$(TARGET_NAME)";
				SWIFT_EMIT_LOC_STRINGS = YES;
				SWIFT_VERSION = 5.0;
				TARGETED_DEVICE_FAMILY = "1,2";
			};
			name = Release;
		};
		4365DA7629FBDCFD00E8C87C /* Debug */ = {
			isa = XCBuildConfiguration;
			buildSettings = {
				ALWAYS_EMBED_SWIFT_STANDARD_LIBRARIES = YES;
				BUNDLE_LOADER = "$(TEST_HOST)";
				CODE_SIGN_STYLE = Automatic;
				CURRENT_PROJECT_VERSION = 1;
				DEVELOPMENT_TEAM = 5K6Q3VCR94;
				GENERATE_INFOPLIST_FILE = YES;
				IPHONEOS_DEPLOYMENT_TARGET = 16.2;
				MARKETING_VERSION = 1.0;
				PRODUCT_BUNDLE_IDENTIFIER = "Frinantelin.com.AvitoTech-IntershipTests";
				PRODUCT_NAME = "$(TARGET_NAME)";
				SWIFT_EMIT_LOC_STRINGS = NO;
				SWIFT_VERSION = 5.0;
				TARGETED_DEVICE_FAMILY = "1,2";
				TEST_HOST = "$(BUILT_PRODUCTS_DIR)/AvitoTech Intership.app/$(BUNDLE_EXECUTABLE_FOLDER_PATH)/AvitoTech Intership";
			};
			name = Debug;
		};
		4365DA7729FBDCFD00E8C87C /* Release */ = {
			isa = XCBuildConfiguration;
			buildSettings = {
				ALWAYS_EMBED_SWIFT_STANDARD_LIBRARIES = YES;
				BUNDLE_LOADER = "$(TEST_HOST)";
				CODE_SIGN_STYLE = Automatic;
				CURRENT_PROJECT_VERSION = 1;
				DEVELOPMENT_TEAM = 5K6Q3VCR94;
				GENERATE_INFOPLIST_FILE = YES;
				IPHONEOS_DEPLOYMENT_TARGET = 16.2;
				MARKETING_VERSION = 1.0;
				PRODUCT_BUNDLE_IDENTIFIER = "Frinantelin.com.AvitoTech-IntershipTests";
				PRODUCT_NAME = "$(TARGET_NAME)";
				SWIFT_EMIT_LOC_STRINGS = NO;
				SWIFT_VERSION = 5.0;
				TARGETED_DEVICE_FAMILY = "1,2";
				TEST_HOST = "$(BUILT_PRODUCTS_DIR)/AvitoTech Intership.app/$(BUNDLE_EXECUTABLE_FOLDER_PATH)/AvitoTech Intership";
			};
			name = Release;
		};
		4365DA7929FBDCFD00E8C87C /* Debug */ = {
			isa = XCBuildConfiguration;
			buildSettings = {
				ALWAYS_EMBED_SWIFT_STANDARD_LIBRARIES = YES;
				CODE_SIGN_STYLE = Automatic;
				CURRENT_PROJECT_VERSION = 1;
				DEVELOPMENT_TEAM = 5K6Q3VCR94;
				GENERATE_INFOPLIST_FILE = YES;
				MARKETING_VERSION = 1.0;
				PRODUCT_BUNDLE_IDENTIFIER = "Frinantelin.com.AvitoTech-IntershipUITests";
				PRODUCT_NAME = "$(TARGET_NAME)";
				SWIFT_EMIT_LOC_STRINGS = NO;
				SWIFT_VERSION = 5.0;
				TARGETED_DEVICE_FAMILY = "1,2";
				TEST_TARGET_NAME = "AvitoTech Intership";
			};
			name = Debug;
		};
		4365DA7A29FBDCFD00E8C87C /* Release */ = {
			isa = XCBuildConfiguration;
			buildSettings = {
				ALWAYS_EMBED_SWIFT_STANDARD_LIBRARIES = YES;
				CODE_SIGN_STYLE = Automatic;
				CURRENT_PROJECT_VERSION = 1;
				DEVELOPMENT_TEAM = 5K6Q3VCR94;
				GENERATE_INFOPLIST_FILE = YES;
				MARKETING_VERSION = 1.0;
				PRODUCT_BUNDLE_IDENTIFIER = "Frinantelin.com.AvitoTech-IntershipUITests";
				PRODUCT_NAME = "$(TARGET_NAME)";
				SWIFT_EMIT_LOC_STRINGS = NO;
				SWIFT_VERSION = 5.0;
				TARGETED_DEVICE_FAMILY = "1,2";
				TEST_TARGET_NAME = "AvitoTech Intership";
			};
			name = Release;
		};
/* End XCBuildConfiguration section */

/* Begin XCConfigurationList section */
		4365DA4329FBDCFB00E8C87C /* Build configuration list for PBXProject "AvitoTech Intership" */ = {
			isa = XCConfigurationList;
			buildConfigurations = (
				4365DA7029FBDCFD00E8C87C /* Debug */,
				4365DA7129FBDCFD00E8C87C /* Release */,
			);
			defaultConfigurationIsVisible = 0;
			defaultConfigurationName = Release;
		};
		4365DA7229FBDCFD00E8C87C /* Build configuration list for PBXNativeTarget "AvitoTech Intership" */ = {
			isa = XCConfigurationList;
			buildConfigurations = (
				4365DA7329FBDCFD00E8C87C /* Debug */,
				4365DA7429FBDCFD00E8C87C /* Release */,
			);
			defaultConfigurationIsVisible = 0;
			defaultConfigurationName = Release;
		};
		4365DA7529FBDCFD00E8C87C /* Build configuration list for PBXNativeTarget "AvitoTech IntershipTests" */ = {
			isa = XCConfigurationList;
			buildConfigurations = (
				4365DA7629FBDCFD00E8C87C /* Debug */,
				4365DA7729FBDCFD00E8C87C /* Release */,
			);
			defaultConfigurationIsVisible = 0;
			defaultConfigurationName = Release;
		};
		4365DA7829FBDCFD00E8C87C /* Build configuration list for PBXNativeTarget "AvitoTech IntershipUITests" */ = {
			isa = XCConfigurationList;
			buildConfigurations = (
				4365DA7929FBDCFD00E8C87C /* Debug */,
				4365DA7A29FBDCFD00E8C87C /* Release */,
			);
			defaultConfigurationIsVisible = 0;
			defaultConfigurationName = Release;
		};
/* End XCConfigurationList section */
	};
	rootObject = 4365DA4029FBDCFB00E8C87C /* Project object */;
}
